
Microsoft Visual Studio Solution File, Format Version 12.00
# Visual Studio Version 16
VisualStudioVersion = 16.0.31829.152
MinimumVisualStudioVersion = 10.0.40219.1
Project("{FAE04EC0-301F-11D3-BF4B-00C04F79EFBC}") = "15_task", "15_task\15_task.csproj", "{A635EF68-FFFE-42A5-8340-346EDA26F74E}"
EndProject
Global
	GlobalSection(SolutionConfigurationPlatforms) = preSolution
		Debug|Any CPU = Debug|Any CPU
		Release|Any CPU = Release|Any CPU
	EndGlobalSection
	GlobalSection(ProjectConfigurationPlatforms) = postSolution
		{A635EF68-FFFE-42A5-8340-346EDA26F74E}.Debug|Any CPU.ActiveCfg = Debug|Any CPU
		{A635EF68-FFFE-42A5-8340-346EDA26F74E}.Debug|Any CPU.Build.0 = Debug|Any CPU
		{A635EF68-FFFE-42A5-8340-346EDA26F74E}.Release|Any CPU.ActiveCfg = Release|Any CPU
		{A635EF68-FFFE-42A5-8340-346EDA26F74E}.Release|Any CPU.Build.0 = Release|Any CPU
	EndGlobalSection
	GlobalSection(SolutionProperties) = preSolution
		HideSolutionNode = FALSE
	EndGlobalSection
	GlobalSection(ExtensibilityGlobals) = postSolution
		SolutionGuid = {45FB7B99-D4F5-43F9-966C-E5636CE5393B}
	EndGlobalSection
EndGlobal
